// !$*UTF8*$!
{
	archiveVersion = 1;
	classes = {
	};
	objectVersion = 56;
	objects = {

/* Begin PBXBuildFile section */
		8F1297412900F6A300826CE5 /* AppDelegate.swift in Sources */ = {isa = PBXBuildFile; fileRef = 8F1297402900F6A300826CE5 /* AppDelegate.swift */; };
		8F1297432900F6A300826CE5 /* SceneDelegate.swift in Sources */ = {isa = PBXBuildFile; fileRef = 8F1297422900F6A300826CE5 /* SceneDelegate.swift */; };
		8F1297482900F6A300826CE5 /* Main.storyboard in Resources */ = {isa = PBXBuildFile; fileRef = 8F1297462900F6A300826CE5 /* Main.storyboard */; };
		8F12974B2900F6A300826CE5 /* MyMemo.xcdatamodeld in Sources */ = {isa = PBXBuildFile; fileRef = 8F1297492900F6A300826CE5 /* MyMemo.xcdatamodeld */; };
		8F12974D2900F6A500826CE5 /* Assets.xcassets in Resources */ = {isa = PBXBuildFile; fileRef = 8F12974C2900F6A500826CE5 /* Assets.xcassets */; };
		8F1297502900F6A500826CE5 /* LaunchScreen.storyboard in Resources */ = {isa = PBXBuildFile; fileRef = 8F12974E2900F6A500826CE5 /* LaunchScreen.storyboard */; };
		8F12975829012E9300826CE5 /* Data.swift in Sources */ = {isa = PBXBuildFile; fileRef = 8F12975729012E9300826CE5 /* Data.swift */; };
		8F12975A290130DB00826CE5 /* MemoListTableViewController.swift in Sources */ = {isa = PBXBuildFile; fileRef = 8F129759290130DB00826CE5 /* MemoListTableViewController.swift */; };
		8F3CD4732902278400A67BC8 /* AddMemoViewController.swift in Sources */ = {isa = PBXBuildFile; fileRef = 8F3CD4722902278400A67BC8 /* AddMemoViewController.swift */; };
		8F3CD4782902486A00A67BC8 /* DetailViewController.swift in Sources */ = {isa = PBXBuildFile; fileRef = 8F3CD4772902486A00A67BC8 /* DetailViewController.swift */; };
		8F3CD47A29027B6900A67BC8 /* DataManager.swift in Sources */ = {isa = PBXBuildFile; fileRef = 8F3CD47929027B6900A67BC8 /* DataManager.swift */; };
/* End PBXBuildFile section */

/* Begin PBXFileReference section */
		8F12973D2900F6A300826CE5 /* MyMemo.app */ = {isa = PBXFileReference; explicitFileType = wrapper.application; includeInIndex = 0; path = MyMemo.app; sourceTree = BUILT_PRODUCTS_DIR; };
		8F1297402900F6A300826CE5 /* AppDelegate.swift */ = {isa = PBXFileReference; lastKnownFileType = sourcecode.swift; path = AppDelegate.swift; sourceTree = "<group>"; };
		8F1297422900F6A300826CE5 /* SceneDelegate.swift */ = {isa = PBXFileReference; lastKnownFileType = sourcecode.swift; path = SceneDelegate.swift; sourceTree = "<group>"; };
		8F1297472900F6A300826CE5 /* Base */ = {isa = PBXFileReference; lastKnownFileType = file.storyboard; name = Base; path = Base.lproj/Main.storyboard; sourceTree = "<group>"; };
		8F12974A2900F6A300826CE5 /* MyMemo.xcdatamodel */ = {isa = PBXFileReference; lastKnownFileType = wrapper.xcdatamodel; path = MyMemo.xcdatamodel; sourceTree = "<group>"; };
		8F12974C2900F6A500826CE5 /* Assets.xcassets */ = {isa = PBXFileReference; lastKnownFileType = folder.assetcatalog; path = Assets.xcassets; sourceTree = "<group>"; };
		8F12974F2900F6A500826CE5 /* Base */ = {isa = PBXFileReference; lastKnownFileType = file.storyboard; name = Base; path = Base.lproj/LaunchScreen.storyboard; sourceTree = "<group>"; };
		8F1297512900F6A500826CE5 /* Info.plist */ = {isa = PBXFileReference; lastKnownFileType = text.plist.xml; path = Info.plist; sourceTree = "<group>"; };
		8F12975729012E9300826CE5 /* Data.swift */ = {isa = PBXFileReference; lastKnownFileType = sourcecode.swift; path = Data.swift; sourceTree = "<group>"; };
		8F129759290130DB00826CE5 /* MemoListTableViewController.swift */ = {isa = PBXFileReference; lastKnownFileType = sourcecode.swift; path = MemoListTableViewController.swift; sourceTree = "<group>"; };
		8F3CD4722902278400A67BC8 /* AddMemoViewController.swift */ = {isa = PBXFileReference; lastKnownFileType = sourcecode.swift; path = AddMemoViewController.swift; sourceTree = "<group>"; };
		8F3CD4762902399F00A67BC8 /* 정리.playground */ = {isa = PBXFileReference; lastKnownFileType = file.playground; path = "정리.playground"; sourceTree = "<group>"; xcLanguageSpecificationIdentifier = xcode.lang.swift; };
		8F3CD4772902486A00A67BC8 /* DetailViewController.swift */ = {isa = PBXFileReference; lastKnownFileType = sourcecode.swift; path = DetailViewController.swift; sourceTree = "<group>"; };
		8F3CD47929027B6900A67BC8 /* DataManager.swift */ = {isa = PBXFileReference; lastKnownFileType = sourcecode.swift; path = DataManager.swift; sourceTree = "<group>"; };
/* End PBXFileReference section */

/* Begin PBXFrameworksBuildPhase section */
		8F12973A2900F6A300826CE5 /* Frameworks */ = {
			isa = PBXFrameworksBuildPhase;
			buildActionMask = 2147483647;
			files = (
			);
			runOnlyForDeploymentPostprocessing = 0;
		};
/* End PBXFrameworksBuildPhase section */

/* Begin PBXGroup section */
		8F1297342900F6A300826CE5 = {
			isa = PBXGroup;
			children = (
				8F12973F2900F6A300826CE5 /* MyMemo */,
				8F12973E2900F6A300826CE5 /* Products */,
			);
			sourceTree = "<group>";
		};
		8F12973E2900F6A300826CE5 /* Products */ = {
			isa = PBXGroup;
			children = (
				8F12973D2900F6A300826CE5 /* MyMemo.app */,
			);
			name = Products;
			sourceTree = "<group>";
		};
		8F12973F2900F6A300826CE5 /* MyMemo */ = {
			isa = PBXGroup;
			children = (
				8F1297402900F6A300826CE5 /* AppDelegate.swift */,
				8F1297422900F6A300826CE5 /* SceneDelegate.swift */,
				8F12975729012E9300826CE5 /* Data.swift */,
				8F3CD47929027B6900A67BC8 /* DataManager.swift */,
				8F129759290130DB00826CE5 /* MemoListTableViewController.swift */,
				8F3CD4722902278400A67BC8 /* AddMemoViewController.swift */,
				8F3CD4772902486A00A67BC8 /* DetailViewController.swift */,
				8F1297462900F6A300826CE5 /* Main.storyboard */,
				8F12974C2900F6A500826CE5 /* Assets.xcassets */,
				8F12974E2900F6A500826CE5 /* LaunchScreen.storyboard */,
				8F1297512900F6A500826CE5 /* Info.plist */,
				8F1297492900F6A300826CE5 /* MyMemo.xcdatamodeld */,
				8F3CD4762902399F00A67BC8 /* 정리.playground */,
			);
			path = MyMemo;
			sourceTree = "<group>";
		};
/* End PBXGroup section */

/* Begin PBXNativeTarget section */
		8F12973C2900F6A300826CE5 /* MyMemo */ = {
			isa = PBXNativeTarget;
			buildConfigurationList = 8F1297542900F6A500826CE5 /* Build configuration list for PBXNativeTarget "MyMemo" */;
			buildPhases = (
				8F1297392900F6A300826CE5 /* Sources */,
				8F12973A2900F6A300826CE5 /* Frameworks */,
				8F12973B2900F6A300826CE5 /* Resources */,
			);
			buildRules = (
			);
			dependencies = (
			);
			name = MyMemo;
			productName = MyMemo;
			productReference = 8F12973D2900F6A300826CE5 /* MyMemo.app */;
			productType = "com.apple.product-type.application";
		};
/* End PBXNativeTarget section */

/* Begin PBXProject section */
		8F1297352900F6A300826CE5 /* Project object */ = {
			isa = PBXProject;
			attributes = {
				BuildIndependentTargetsInParallel = 1;
				LastSwiftUpdateCheck = 1400;
				LastUpgradeCheck = 1400;
				TargetAttributes = {
					8F12973C2900F6A300826CE5 = {
						CreatedOnToolsVersion = 14.0.1;
					};
				};
			};
			buildConfigurationList = 8F1297382900F6A300826CE5 /* Build configuration list for PBXProject "MyMemo" */;
			compatibilityVersion = "Xcode 14.0";
			developmentRegion = en;
			hasScannedForEncodings = 0;
			knownRegions = (
				en,
				Base,
			);
			mainGroup = 8F1297342900F6A300826CE5;
			productRefGroup = 8F12973E2900F6A300826CE5 /* Products */;
			projectDirPath = "";
			projectRoot = "";
			targets = (
				8F12973C2900F6A300826CE5 /* MyMemo */,
			);
		};
/* End PBXProject section */

/* Begin PBXResourcesBuildPhase section */
		8F12973B2900F6A300826CE5 /* Resources */ = {
			isa = PBXResourcesBuildPhase;
			buildActionMask = 2147483647;
			files = (
				8F1297502900F6A500826CE5 /* LaunchScreen.storyboard in Resources */,
				8F12974D2900F6A500826CE5 /* Assets.xcassets in Resources */,
				8F1297482900F6A300826CE5 /* Main.storyboard in Resources */,
			);
			runOnlyForDeploymentPostprocessing = 0;
		};
/* End PBXResourcesBuildPhase section */

/* Begin PBXSourcesBuildPhase section */
		8F1297392900F6A300826CE5 /* Sources */ = {
			isa = PBXSourcesBuildPhase;
			buildActionMask = 2147483647;
			files = (
				8F3CD4732902278400A67BC8 /* AddMemoViewController.swift in Sources */,
				8F3CD47A29027B6900A67BC8 /* DataManager.swift in Sources */,
				8F12975829012E9300826CE5 /* Data.swift in Sources */,
				8F1297412900F6A300826CE5 /* AppDelegate.swift in Sources */,
				8F1297432900F6A300826CE5 /* SceneDelegate.swift in Sources */,
				8F12974B2900F6A300826CE5 /* MyMemo.xcdatamodeld in Sources */,
				8F12975A290130DB00826CE5 /* MemoListTableViewController.swift in Sources */,
				8F3CD4782902486A00A67BC8 /* DetailViewController.swift in Sources */,
			);
			runOnlyForDeploymentPostprocessing = 0;
		};
/* End PBXSourcesBuildPhase section */

/* Begin PBXVariantGroup section */
		8F1297462900F6A300826CE5 /* Main.storyboard */ = {
			isa = PBXVariantGroup;
			children = (
				8F1297472900F6A300826CE5 /* Base */,
			);
			name = Main.storyboard;
			sourceTree = "<group>";
		};
		8F12974E2900F6A500826CE5 /* LaunchScreen.storyboard */ = {
			isa = PBXVariantGroup;
			children = (
				8F12974F2900F6A500826CE5 /* Base */,
			);
			name = LaunchScreen.storyboard;
			sourceTree = "<group>";
		};
/* End PBXVariantGroup section */

/* Begin XCBuildConfiguration section */
		8F1297522900F6A500826CE5 /* Debug */ = {
			isa = XCBuildConfiguration;
			buildSettings = {
				ALWAYS_SEARCH_USER_PATHS = NO;
				CLANG_ANALYZER_NONNULL = YES;
				CLANG_ANALYZER_NUMBER_OBJECT_CONVERSION = YES_AGGRESSIVE;
				CLANG_CXX_LANGUAGE_STANDARD = "gnu++20";
				CLANG_ENABLE_MODULES = YES;
				CLANG_ENABLE_OBJC_ARC = YES;
				CLANG_ENABLE_OBJC_WEAK = YES;
				CLANG_WARN_BLOCK_CAPTURE_AUTORELEASING = YES;
				CLANG_WARN_BOOL_CONVERSION = YES;
				CLANG_WARN_COMMA = YES;
				CLANG_WARN_CONSTANT_CONVERSION = YES;
				CLANG_WARN_DEPRECATED_OBJC_IMPLEMENTATIONS = YES;
				CLANG_WARN_DIRECT_OBJC_ISA_USAGE = YES_ERROR;
				CLANG_WARN_DOCUMENTATION_COMMENTS = YES;
				CLANG_WARN_EMPTY_BODY = YES;
				CLANG_WARN_ENUM_CONVERSION = YES;
				CLANG_WARN_INFINITE_RECURSION = YES;
				CLANG_WARN_INT_CONVERSION = YES;
				CLANG_WARN_NON_LITERAL_NULL_CONVERSION = YES;
				CLANG_WARN_OBJC_IMPLICIT_RETAIN_SELF = YES;
				CLANG_WARN_OBJC_LITERAL_CONVERSION = YES;
				CLANG_WARN_OBJC_ROOT_CLASS = YES_ERROR;
				CLANG_WARN_QUOTED_INCLUDE_IN_FRAMEWORK_HEADER = YES;
				CLANG_WARN_RANGE_LOOP_ANALYSIS = YES;
				CLANG_WARN_STRICT_PROTOTYPES = YES;
				CLANG_WARN_SUSPICIOUS_MOVE = YES;
				CLANG_WARN_UNGUARDED_AVAILABILITY = YES_AGGRESSIVE;
				CLANG_WARN_UNREACHABLE_CODE = YES;
				CLANG_WARN__DUPLICATE_METHOD_MATCH = YES;
				COPY_PHASE_STRIP = NO;
				DEBUG_INFORMATION_FORMAT = dwarf;
				ENABLE_STRICT_OBJC_MSGSEND = YES;
				ENABLE_TESTABILITY = YES;
				GCC_C_LANGUAGE_STANDARD = gnu11;
				GCC_DYNAMIC_NO_PIC = NO;
				GCC_NO_COMMON_BLOCKS = YES;
				GCC_OPTIMIZATION_LEVEL = 0;
				GCC_PREPROCESSOR_DEFINITIONS = (
					"DEBUG=1",
					"$(inherited)",
				);
				GCC_WARN_64_TO_32_BIT_CONVERSION = YES;
				GCC_WARN_ABOUT_RETURN_TYPE = YES_ERROR;
				GCC_WARN_UNDECLARED_SELECTOR = YES;
				GCC_WARN_UNINITIALIZED_AUTOS = YES_AGGRESSIVE;
				GCC_WARN_UNUSED_FUNCTION = YES;
				GCC_WARN_UNUSED_VARIABLE = YES;
				IPHONEOS_DEPLOYMENT_TARGET = 16.0;
				MTL_ENABLE_DEBUG_INFO = INCLUDE_SOURCE;
				MTL_FAST_MATH = YES;
				ONLY_ACTIVE_ARCH = YES;
				SDKROOT = iphoneos;
				SWIFT_ACTIVE_COMPILATION_CONDITIONS = DEBUG;
				SWIFT_OPTIMIZATION_LEVEL = "-Onone";
			};
			name = Debug;
		};
		8F1297532900F6A500826CE5 /* Release */ = {
			isa = XCBuildConfiguration;
			buildSettings = {
				ALWAYS_SEARCH_USER_PATHS = NO;
				CLANG_ANALYZER_NONNULL = YES;
				CLANG_ANALYZER_NUMBER_OBJECT_CONVERSION = YES_AGGRESSIVE;
				CLANG_CXX_LANGUAGE_STANDARD = "gnu++20";
				CLANG_ENABLE_MODULES = YES;
				CLANG_ENABLE_OBJC_ARC = YES;
				CLANG_ENABLE_OBJC_WEAK = YES;
				CLANG_WARN_BLOCK_CAPTURE_AUTORELEASING = YES;
				CLANG_WARN_BOOL_CONVERSION = YES;
				CLANG_WARN_COMMA = YES;
				CLANG_WARN_CONSTANT_CONVERSION = YES;
				CLANG_WARN_DEPRECATED_OBJC_IMPLEMENTATIONS = YES;
				CLANG_WARN_DIRECT_OBJC_ISA_USAGE = YES_ERROR;
				CLANG_WARN_DOCUMENTATION_COMMENTS = YES;
				CLANG_WARN_EMPTY_BODY = YES;
				CLANG_WARN_ENUM_CONVERSION = YES;
				CLANG_WARN_INFINITE_RECURSION = YES;
				CLANG_WARN_INT_CONVERSION = YES;
				CLANG_WARN_NON_LITERAL_NULL_CONVERSION = YES;
				CLANG_WARN_OBJC_IMPLICIT_RETAIN_SELF = YES;
				CLANG_WARN_OBJC_LITERAL_CONVERSION = YES;
				CLANG_WARN_OBJC_ROOT_CLASS = YES_ERROR;
				CLANG_WARN_QUOTED_INCLUDE_IN_FRAMEWORK_HEADER = YES;
				CLANG_WARN_RANGE_LOOP_ANALYSIS = YES;
				CLANG_WARN_STRICT_PROTOTYPES = YES;
				CLANG_WARN_SUSPICIOUS_MOVE = YES;
				CLANG_WARN_UNGUARDED_AVAILABILITY = YES_AGGRESSIVE;
				CLANG_WARN_UNREACHABLE_CODE = YES;
				CLANG_WARN__DUPLICATE_METHOD_MATCH = YES;
				COPY_PHASE_STRIP = NO;
				DEBUG_INFORMATION_FORMAT = "dwarf-with-dsym";
				ENABLE_NS_ASSERTIONS = NO;
				ENABLE_STRICT_OBJC_MSGSEND = YES;
				GCC_C_LANGUAGE_STANDARD = gnu11;
				GCC_NO_COMMON_BLOCKS = YES;
				GCC_WARN_64_TO_32_BIT_CONVERSION = YES;
				GCC_WARN_ABOUT_RETURN_TYPE = YES_ERROR;
				GCC_WARN_UNDECLARED_SELECTOR = YES;
				GCC_WARN_UNINITIALIZED_AUTOS = YES_AGGRESSIVE;
				GCC_WARN_UNUSED_FUNCTION = YES;
				GCC_WARN_UNUSED_VARIABLE = YES;
				IPHONEOS_DEPLOYMENT_TARGET = 16.0;
				MTL_ENABLE_DEBUG_INFO = NO;
				MTL_FAST_MATH = YES;
				SDKROOT = iphoneos;
				SWIFT_COMPILATION_MODE = wholemodule;
				SWIFT_OPTIMIZATION_LEVEL = "-O";
				VALIDATE_PRODUCT = YES;
			};
			name = Release;
		};
		8F1297552900F6A500826CE5 /* Debug */ = {
			isa = XCBuildConfiguration;
			buildSettings = {
				ASSETCATALOG_COMPILER_APPICON_NAME = AppIcon;
				ASSETCATALOG_COMPILER_GLOBAL_ACCENT_COLOR_NAME = AccentColor;
				CODE_SIGN_STYLE = Automatic;
				CURRENT_PROJECT_VERSION = 1;
				DEVELOPMENT_TEAM = 438AKY2D4G;
				GENERATE_INFOPLIST_FILE = YES;
				INFOPLIST_FILE = MyMemo/Info.plist;
				INFOPLIST_KEY_UIApplicationSupportsIndirectInputEvents = YES;
				INFOPLIST_KEY_UILaunchStoryboardName = LaunchScreen;
				INFOPLIST_KEY_UIMainStoryboardFile = Main;
				INFOPLIST_KEY_UISupportedInterfaceOrientations_iPad = "UIInterfaceOrientationPortrait UIInterfaceOrientationPortraitUpsideDown UIInterfaceOrientationLandscapeLeft UIInterfaceOrientationLandscapeRight";
				INFOPLIST_KEY_UISupportedInterfaceOrientations_iPhone = "UIInterfaceOrientationPortrait UIInterfaceOrientationLandscapeLeft UIInterfaceOrientationLandscapeRight";
				LD_RUNPATH_SEARCH_PATHS = (
					"$(inherited)",
					"@executable_path/Frameworks",
				);
				MARKETING_VERSION = 1.0;
				PRODUCT_BUNDLE_IDENTIFIER = com.hsuuuk.MyMemo;
				PRODUCT_NAME = "$(TARGET_NAME)";
				SWIFT_EMIT_LOC_STRINGS = YES;
				SWIFT_VERSION = 5.0;
				TARGETED_DEVICE_FAMILY = "1,2";
			};
			name = Debug;
		};
		8F1297562900F6A500826CE5 /* Release */ = {
			isa = XCBuildConfiguration;
			buildSettings = {
				ASSETCATALOG_COMPILER_APPICON_NAME = AppIcon;
				ASSETCATALOG_COMPILER_GLOBAL_ACCENT_COLOR_NAME = AccentColor;
				CODE_SIGN_STYLE = Automatic;
				CURRENT_PROJECT_VERSION = 1;
				DEVELOPMENT_TEAM = 438AKY2D4G;
				GENERATE_INFOPLIST_FILE = YES;
				INFOPLIST_FILE = MyMemo/Info.plist;
				INFOPLIST_KEY_UIApplicationSupportsIndirectInputEvents = YES;
				INFOPLIST_KEY_UILaunchStoryboardName = LaunchScreen;
				INFOPLIST_KEY_UIMainStoryboardFile = Main;
				INFOPLIST_KEY_UISupportedInterfaceOrientations_iPad = "UIInterfaceOrientationPortrait UIInterfaceOrientationPortraitUpsideDown UIInterfaceOrientationLandscapeLeft UIInterfaceOrientationLandscapeRight";
				INFOPLIST_KEY_UISupportedInterfaceOrientations_iPhone = "UIInterfaceOrientationPortrait UIInterfaceOrientationLandscapeLeft UIInterfaceOrientationLandscapeRight";
				LD_RUNPATH_SEARCH_PATHS = (
					"$(inherited)",
					"@executable_path/Frameworks",
				);
				MARKETING_VERSION = 1.0;
				PRODUCT_BUNDLE_IDENTIFIER = com.hsuuuk.MyMemo;
				PRODUCT_NAME = "$(TARGET_NAME)";
				SWIFT_EMIT_LOC_STRINGS = YES;
				SWIFT_VERSION = 5.0;
				TARGETED_DEVICE_FAMILY = "1,2";
			};
			name = Release;
		};
/* End XCBuildConfiguration section */

/* Begin XCConfigurationList section */
		8F1297382900F6A300826CE5 /* Build configuration list for PBXProject "MyMemo" */ = {
			isa = XCConfigurationList;
			buildConfigurations = (
				8F1297522900F6A500826CE5 /* Debug */,
				8F1297532900F6A500826CE5 /* Release */,
			);
			defaultConfigurationIsVisible = 0;
			defaultConfigurationName = Release;
		};
		8F1297542900F6A500826CE5 /* Build configuration list for PBXNativeTarget "MyMemo" */ = {
			isa = XCConfigurationList;
			buildConfigurations = (
				8F1297552900F6A500826CE5 /* Debug */,
				8F1297562900F6A500826CE5 /* Release */,
			);
			defaultConfigurationIsVisible = 0;
			defaultConfigurationName = Release;
		};
/* End XCConfigurationList section */

/* Begin XCVersionGroup section */
		8F1297492900F6A300826CE5 /* MyMemo.xcdatamodeld */ = {
			isa = XCVersionGroup;
			children = (
				8F12974A2900F6A300826CE5 /* MyMemo.xcdatamodel */,
			);
			currentVersion = 8F12974A2900F6A300826CE5 /* MyMemo.xcdatamodel */;
			path = MyMemo.xcdatamodeld;
			sourceTree = "<group>";
			versionGroupType = wrapper.xcdatamodel;
		};
/* End XCVersionGroup section */
	};
	rootObject = 8F1297352900F6A300826CE5 /* Project object */;
}
